// !$*UTF8*$!
{
	archiveVersion = 1;
	classes = {
	};
	objectVersion = 46;
	objects = {

/* Begin PBXBuildFile section */
		290C95621CBC635B002F6264 /* Team.swift in Sources */ = {isa = PBXBuildFile; fileRef = 290C95611CBC635B002F6264 /* Team.swift */; };
		290C95651CBC6983002F6264 /* TeamBuilderViewController.swift in Sources */ = {isa = PBXBuildFile; fileRef = 290C95641CBC6983002F6264 /* TeamBuilderViewController.swift */; };
		290C95681CBC7C4E002F6264 /* BuilderTableViewCell.swift in Sources */ = {isa = PBXBuildFile; fileRef = 290C95671CBC7C4E002F6264 /* BuilderTableViewCell.swift */; };
		29BAB7BA1CBBF1E700E6859B /* AppDelegate.swift in Sources */ = {isa = PBXBuildFile; fileRef = 29BAB7B91CBBF1E700E6859B /* AppDelegate.swift */; };
		29BAB7BC1CBBF1E700E6859B /* MainViewController.swift in Sources */ = {isa = PBXBuildFile; fileRef = 29BAB7BB1CBBF1E700E6859B /* MainViewController.swift */; };
		29BAB7BE1CBBF1E700E6859B /* Assets.xcassets in Resources */ = {isa = PBXBuildFile; fileRef = 29BAB7BD1CBBF1E700E6859B /* Assets.xcassets */; };
		29BAB7C11CBBF1E700E6859B /* Main.storyboard in Resources */ = {isa = PBXBuildFile; fileRef = 29BAB7BF1CBBF1E700E6859B /* Main.storyboard */; };
		29BAB7CA1CBBF30C00E6859B /* Pokémon.swift in Sources */ = {isa = PBXBuildFile; fileRef = 29BAB7C91CBBF30C00E6859B /* Pokémon.swift */; };
		29BAB7CC1CBBF35100E6859B /* Type.swift in Sources */ = {isa = PBXBuildFile; fileRef = 29BAB7CB1CBBF35100E6859B /* Type.swift */; };
		29BAB7CE1CBBF43000E6859B /* Stats.swift in Sources */ = {isa = PBXBuildFile; fileRef = 29BAB7CD1CBBF43000E6859B /* Stats.swift */; };
		29BAB7D11CBBF4F600E6859B /* Pokémon+Constructors.swift in Sources */ = {isa = PBXBuildFile; fileRef = 29BAB7D01CBBF4F600E6859B /* Pokémon+Constructors.swift */; };
		29BAB7D41CBBF65100E6859B /* BattleController.swift in Sources */ = {isa = PBXBuildFile; fileRef = 29BAB7D31CBBF65100E6859B /* BattleController.swift */; };
		29BAB7D61CBBF66700E6859B /* Type+TypeChart.swift in Sources */ = {isa = PBXBuildFile; fileRef = 29BAB7D51CBBF66700E6859B /* Type+TypeChart.swift */; };
		29BAB7D81CBC083300E6859B /* PokémonInstance.swift in Sources */ = {isa = PBXBuildFile; fileRef = 29BAB7D71CBC083300E6859B /* PokémonInstance.swift */; };
		29BAB7DA1CBC181800E6859B /* Attack.swift in Sources */ = {isa = PBXBuildFile; fileRef = 29BAB7D91CBC181800E6859B /* Attack.swift */; };
		29BAB7DE1CBC367A00E6859B /* Nature.swift in Sources */ = {isa = PBXBuildFile; fileRef = 29BAB7DD1CBC367A00E6859B /* Nature.swift */; };
		29BAB7E51CBC459900E6859B /* pokémonData.json in Resources */ = {isa = PBXBuildFile; fileRef = 29BAB7E41CBC459900E6859B /* pokémonData.json */; };
		29BAB7E71CBC46D500E6859B /* pokémonAttacks.json in Resources */ = {isa = PBXBuildFile; fileRef = 29BAB7E61CBC46D500E6859B /* pokémonAttacks.json */; };
		29BAB7E91CBC486D00E6859B /* DataLoaderController.swift in Sources */ = {isa = PBXBuildFile; fileRef = 29BAB7E81CBC486D00E6859B /* DataLoaderController.swift */; };
		29BAB7EB1CBD718A00E6859B /* TeamArchiverController.swift in Sources */ = {isa = PBXBuildFile; fileRef = 29BAB7EA1CBD718A00E6859B /* TeamArchiverController.swift */; };
		29BAB7ED1CBE7AAD00E6859B /* SafeIndex.swift in Sources */ = {isa = PBXBuildFile; fileRef = 29BAB7EC1CBE7AAD00E6859B /* SafeIndex.swift */; };
/* End PBXBuildFile section */

/* Begin PBXFileReference section */
		290C95611CBC635B002F6264 /* Team.swift */ = {isa = PBXFileReference; fileEncoding = 4; lastKnownFileType = sourcecode.swift; path = Team.swift; sourceTree = "<group>"; };
		290C95641CBC6983002F6264 /* TeamBuilderViewController.swift */ = {isa = PBXFileReference; fileEncoding = 4; lastKnownFileType = sourcecode.swift; path = TeamBuilderViewController.swift; sourceTree = "<group>"; };
		290C95671CBC7C4E002F6264 /* BuilderTableViewCell.swift */ = {isa = PBXFileReference; fileEncoding = 4; lastKnownFileType = sourcecode.swift; path = BuilderTableViewCell.swift; sourceTree = "<group>"; };
		29BAB7B61CBBF1E700E6859B /* PokéBattle.app */ = {isa = PBXFileReference; explicitFileType = wrapper.application; includeInIndex = 0; path = "PokéBattle.app"; sourceTree = BUILT_PRODUCTS_DIR; };
		29BAB7B91CBBF1E700E6859B /* AppDelegate.swift */ = {isa = PBXFileReference; lastKnownFileType = sourcecode.swift; path = AppDelegate.swift; sourceTree = "<group>"; };
		29BAB7BB1CBBF1E700E6859B /* MainViewController.swift */ = {isa = PBXFileReference; lastKnownFileType = sourcecode.swift; path = MainViewController.swift; sourceTree = "<group>"; };
		29BAB7BD1CBBF1E700E6859B /* Assets.xcassets */ = {isa = PBXFileReference; lastKnownFileType = folder.assetcatalog; path = Assets.xcassets; sourceTree = "<group>"; };
		29BAB7C01CBBF1E700E6859B /* Base */ = {isa = PBXFileReference; lastKnownFileType = file.storyboard; name = Base; path = Base.lproj/Main.storyboard; sourceTree = "<group>"; };
		29BAB7C21CBBF1E700E6859B /* Info.plist */ = {isa = PBXFileReference; lastKnownFileType = text.plist.xml; path = Info.plist; sourceTree = "<group>"; };
		29BAB7C91CBBF30C00E6859B /* Pokémon.swift */ = {isa = PBXFileReference; fileEncoding = 4; lastKnownFileType = sourcecode.swift; path = "Pokémon.swift"; sourceTree = "<group>"; };
		29BAB7CB1CBBF35100E6859B /* Type.swift */ = {isa = PBXFileReference; fileEncoding = 4; lastKnownFileType = sourcecode.swift; path = Type.swift; sourceTree = "<group>"; };
		29BAB7CD1CBBF43000E6859B /* Stats.swift */ = {isa = PBXFileReference; fileEncoding = 4; lastKnownFileType = sourcecode.swift; path = Stats.swift; sourceTree = "<group>"; };
		29BAB7D01CBBF4F600E6859B /* Pokémon+Constructors.swift */ = {isa = PBXFileReference; fileEncoding = 4; lastKnownFileType = sourcecode.swift; path = "Pokémon+Constructors.swift"; sourceTree = "<group>"; };
		29BAB7D31CBBF65100E6859B /* BattleController.swift */ = {isa = PBXFileReference; fileEncoding = 4; lastKnownFileType = sourcecode.swift; path = BattleController.swift; sourceTree = "<group>"; };
		29BAB7D51CBBF66700E6859B /* Type+TypeChart.swift */ = {isa = PBXFileReference; fileEncoding = 4; lastKnownFileType = sourcecode.swift; path = "Type+TypeChart.swift"; sourceTree = "<group>"; };
		29BAB7D71CBC083300E6859B /* PokémonInstance.swift */ = {isa = PBXFileReference; fileEncoding = 4; lastKnownFileType = sourcecode.swift; path = "PokémonInstance.swift"; sourceTree = "<group>"; };
		29BAB7D91CBC181800E6859B /* Attack.swift */ = {isa = PBXFileReference; fileEncoding = 4; lastKnownFileType = sourcecode.swift; path = Attack.swift; sourceTree = "<group>"; };
		29BAB7DD1CBC367A00E6859B /* Nature.swift */ = {isa = PBXFileReference; fileEncoding = 4; lastKnownFileType = sourcecode.swift; path = Nature.swift; sourceTree = "<group>"; };
		29BAB7E41CBC459900E6859B /* pokémonData.json */ = {isa = PBXFileReference; fileEncoding = 4; lastKnownFileType = text.json; path = "pokémonData.json"; sourceTree = "<group>"; };
		29BAB7E61CBC46D500E6859B /* pokémonAttacks.json */ = {isa = PBXFileReference; fileEncoding = 4; lastKnownFileType = text.json; path = "pokémonAttacks.json"; sourceTree = "<group>"; };
		29BAB7E81CBC486D00E6859B /* DataLoaderController.swift */ = {isa = PBXFileReference; fileEncoding = 4; lastKnownFileType = sourcecode.swift; path = DataLoaderController.swift; sourceTree = "<group>"; };
		29BAB7EA1CBD718A00E6859B /* TeamArchiverController.swift */ = {isa = PBXFileReference; fileEncoding = 4; lastKnownFileType = sourcecode.swift; path = TeamArchiverController.swift; sourceTree = "<group>"; };
		29BAB7EC1CBE7AAD00E6859B /* SafeIndex.swift */ = {isa = PBXFileReference; fileEncoding = 4; lastKnownFileType = sourcecode.swift; path = SafeIndex.swift; sourceTree = "<group>"; };
/* End PBXFileReference section */

/* Begin PBXFrameworksBuildPhase section */
		29BAB7B31CBBF1E700E6859B /* Frameworks */ = {
			isa = PBXFrameworksBuildPhase;
			buildActionMask = 2147483647;
			files = (
			);
			runOnlyForDeploymentPostprocessing = 0;
		};
/* End PBXFrameworksBuildPhase section */

/* Begin PBXGroup section */
		290C95631CBC6425002F6264 /* View Controllers */ = {
			isa = PBXGroup;
			children = (
				29BAB7BB1CBBF1E700E6859B /* MainViewController.swift */,
				290C95641CBC6983002F6264 /* TeamBuilderViewController.swift */,
			);
			name = "View Controllers";
			sourceTree = "<group>";
		};
		290C95661CBC7C3E002F6264 /* Views */ = {
			isa = PBXGroup;
			children = (
				290C95671CBC7C4E002F6264 /* BuilderTableViewCell.swift */,
			);
			name = Views;
			sourceTree = "<group>";
		};
		29BAB7AD1CBBF1E600E6859B = {
			isa = PBXGroup;
			children = (
				29BAB7B81CBBF1E700E6859B /* PokéBattle */,
				29BAB7B71CBBF1E700E6859B /* Products */,
			);
			sourceTree = "<group>";
		};
		29BAB7B71CBBF1E700E6859B /* Products */ = {
			isa = PBXGroup;
			children = (
				29BAB7B61CBBF1E700E6859B /* PokéBattle.app */,
			);
			name = Products;
			sourceTree = "<group>";
		};
		29BAB7B81CBBF1E700E6859B /* PokéBattle */ = {
			isa = PBXGroup;
			children = (
				290C95661CBC7C3E002F6264 /* Views */,
				290C95631CBC6425002F6264 /* View Controllers */,
				29BAB7D21CBBF64600E6859B /* Controllers */,
				29BAB7CF1CBBF4DB00E6859B /* Extensions */,
				29BAB7C81CBBF2FB00E6859B /* Models */,
				29BAB7E31CBC458800E6859B /* Data */,
				29BAB7B91CBBF1E700E6859B /* AppDelegate.swift */,
				29BAB7BD1CBBF1E700E6859B /* Assets.xcassets */,
				29BAB7BF1CBBF1E700E6859B /* Main.storyboard */,
				29BAB7C21CBBF1E700E6859B /* Info.plist */,
			);
			path = "PokéBattle";
			sourceTree = "<group>";
		};
		29BAB7C81CBBF2FB00E6859B /* Models */ = {
			isa = PBXGroup;
			children = (
				29BAB7C91CBBF30C00E6859B /* Pokémon.swift */,
				29BAB7D71CBC083300E6859B /* PokémonInstance.swift */,
				29BAB7CB1CBBF35100E6859B /* Type.swift */,
				29BAB7CD1CBBF43000E6859B /* Stats.swift */,
				29BAB7D91CBC181800E6859B /* Attack.swift */,
				29BAB7DD1CBC367A00E6859B /* Nature.swift */,
				290C95611CBC635B002F6264 /* Team.swift */,
			);
			name = Models;
			sourceTree = "<group>";
		};
		29BAB7CF1CBBF4DB00E6859B /* Extensions */ = {
			isa = PBXGroup;
			children = (
				29BAB7D01CBBF4F600E6859B /* Pokémon+Constructors.swift */,
				29BAB7D51CBBF66700E6859B /* Type+TypeChart.swift */,
				29BAB7EC1CBE7AAD00E6859B /* SafeIndex.swift */,
			);
			name = Extensions;
			sourceTree = "<group>";
		};
		29BAB7D21CBBF64600E6859B /* Controllers */ = {
			isa = PBXGroup;
			children = (
				29BAB7D31CBBF65100E6859B /* BattleController.swift */,
				29BAB7E81CBC486D00E6859B /* DataLoaderController.swift */,
				29BAB7EA1CBD718A00E6859B /* TeamArchiverController.swift */,
			);
			name = Controllers;
			sourceTree = "<group>";
		};
		29BAB7E31CBC458800E6859B /* Data */ = {
			isa = PBXGroup;
			children = (
				29BAB7E41CBC459900E6859B /* pokémonData.json */,
				29BAB7E61CBC46D500E6859B /* pokémonAttacks.json */,
			);
			name = Data;
			sourceTree = "<group>";
		};
/* End PBXGroup section */

/* Begin PBXNativeTarget section */
		29BAB7B51CBBF1E700E6859B /* PokéBattle */ = {
			isa = PBXNativeTarget;
			buildConfigurationList = 29BAB7C51CBBF1E700E6859B /* Build configuration list for PBXNativeTarget "PokéBattle" */;
			buildPhases = (
				29BAB7B21CBBF1E700E6859B /* Sources */,
				29BAB7B31CBBF1E700E6859B /* Frameworks */,
				29BAB7B41CBBF1E700E6859B /* Resources */,
			);
			buildRules = (
			);
			dependencies = (
			);
			name = "PokéBattle";
			productName = "PokéBattle";
			productReference = 29BAB7B61CBBF1E700E6859B /* PokéBattle.app */;
			productType = "com.apple.product-type.application";
		};
/* End PBXNativeTarget section */

/* Begin PBXProject section */
		29BAB7AE1CBBF1E600E6859B /* Project object */ = {
			isa = PBXProject;
			attributes = {
				LastSwiftUpdateCheck = 0730;
				LastUpgradeCheck = 0730;
				ORGANIZATIONNAME = "Carlos Paelinck";
				TargetAttributes = {
					29BAB7B51CBBF1E700E6859B = {
						CreatedOnToolsVersion = 7.3;
					};
				};
			};
			buildConfigurationList = 29BAB7B11CBBF1E700E6859B /* Build configuration list for PBXProject "PokéBattle" */;
			compatibilityVersion = "Xcode 3.2";
			developmentRegion = English;
			hasScannedForEncodings = 0;
			knownRegions = (
				en,
				Base,
			);
			mainGroup = 29BAB7AD1CBBF1E600E6859B;
			productRefGroup = 29BAB7B71CBBF1E700E6859B /* Products */;
			projectDirPath = "";
			projectRoot = "";
			targets = (
				29BAB7B51CBBF1E700E6859B /* PokéBattle */,
			);
		};
/* End PBXProject section */

/* Begin PBXResourcesBuildPhase section */
		29BAB7B41CBBF1E700E6859B /* Resources */ = {
			isa = PBXResourcesBuildPhase;
			buildActionMask = 2147483647;
			files = (
				29BAB7BE1CBBF1E700E6859B /* Assets.xcassets in Resources */,
				29BAB7E71CBC46D500E6859B /* pokémonAttacks.json in Resources */,
				29BAB7C11CBBF1E700E6859B /* Main.storyboard in Resources */,
				29BAB7E51CBC459900E6859B /* pokémonData.json in Resources */,
			);
			runOnlyForDeploymentPostprocessing = 0;
		};
/* End PBXResourcesBuildPhase section */

/* Begin PBXSourcesBuildPhase section */
		29BAB7B21CBBF1E700E6859B /* Sources */ = {
			isa = PBXSourcesBuildPhase;
			buildActionMask = 2147483647;
			files = (
				29BAB7D61CBBF66700E6859B /* Type+TypeChart.swift in Sources */,
				29BAB7ED1CBE7AAD00E6859B /* SafeIndex.swift in Sources */,
				29BAB7BC1CBBF1E700E6859B /* MainViewController.swift in Sources */,
				290C95621CBC635B002F6264 /* Team.swift in Sources */,
				290C95651CBC6983002F6264 /* TeamBuilderViewController.swift in Sources */,
				29BAB7E91CBC486D00E6859B /* DataLoaderController.swift in Sources */,
				29BAB7D11CBBF4F600E6859B /* Pokémon+Constructors.swift in Sources */,
				29BAB7EB1CBD718A00E6859B /* TeamArchiverController.swift in Sources */,
				29BAB7DA1CBC181800E6859B /* Attack.swift in Sources */,
				29BAB7D81CBC083300E6859B /* PokémonInstance.swift in Sources */,
				29BAB7CE1CBBF43000E6859B /* Stats.swift in Sources */,
				29BAB7BA1CBBF1E700E6859B /* AppDelegate.swift in Sources */,
				29BAB7CA1CBBF30C00E6859B /* Pokémon.swift in Sources */,
				29BAB7D41CBBF65100E6859B /* BattleController.swift in Sources */,
				29BAB7CC1CBBF35100E6859B /* Type.swift in Sources */,
				29BAB7DE1CBC367A00E6859B /* Nature.swift in Sources */,
				290C95681CBC7C4E002F6264 /* BuilderTableViewCell.swift in Sources */,
			);
			runOnlyForDeploymentPostprocessing = 0;
		};
/* End PBXSourcesBuildPhase section */

/* Begin PBXVariantGroup section */
		29BAB7BF1CBBF1E700E6859B /* Main.storyboard */ = {
			isa = PBXVariantGroup;
			children = (
				29BAB7C01CBBF1E700E6859B /* Base */,
			);
			name = Main.storyboard;
			sourceTree = "<group>";
		};
/* End PBXVariantGroup section */

/* Begin XCBuildConfiguration section */
		29BAB7C31CBBF1E700E6859B /* Debug */ = {
			isa = XCBuildConfiguration;
			buildSettings = {
				ALWAYS_SEARCH_USER_PATHS = NO;
				CLANG_ANALYZER_NONNULL = YES;
				CLANG_CXX_LANGUAGE_STANDARD = "gnu++0x";
				CLANG_CXX_LIBRARY = "libc++";
				CLANG_ENABLE_MODULES = YES;
				CLANG_ENABLE_OBJC_ARC = YES;
				CLANG_WARN_BOOL_CONVERSION = YES;
				CLANG_WARN_CONSTANT_CONVERSION = YES;
				CLANG_WARN_DIRECT_OBJC_ISA_USAGE = YES_ERROR;
				CLANG_WARN_EMPTY_BODY = YES;
				CLANG_WARN_ENUM_CONVERSION = YES;
				CLANG_WARN_INT_CONVERSION = YES;
				CLANG_WARN_OBJC_ROOT_CLASS = YES_ERROR;
				CLANG_WARN_UNREACHABLE_CODE = YES;
				CLANG_WARN__DUPLICATE_METHOD_MATCH = YES;
				CODE_SIGN_IDENTITY = "-";
				COPY_PHASE_STRIP = NO;
				DEBUG_INFORMATION_FORMAT = dwarf;
				ENABLE_STRICT_OBJC_MSGSEND = YES;
				ENABLE_TESTABILITY = YES;
				GCC_C_LANGUAGE_STANDARD = gnu99;
				GCC_DYNAMIC_NO_PIC = NO;
				GCC_NO_COMMON_BLOCKS = YES;
				GCC_OPTIMIZATION_LEVEL = 0;
				GCC_PREPROCESSOR_DEFINITIONS = (
					"DEBUG=1",
					"$(inherited)",
				);
				GCC_WARN_64_TO_32_BIT_CONVERSION = YES;
				GCC_WARN_ABOUT_RETURN_TYPE = YES_ERROR;
				GCC_WARN_UNDECLARED_SELECTOR = YES;
				GCC_WARN_UNINITIALIZED_AUTOS = YES_AGGRESSIVE;
				GCC_WARN_UNUSED_FUNCTION = YES;
				GCC_WARN_UNUSED_VARIABLE = YES;
				MACOSX_DEPLOYMENT_TARGET = 10.11;
				MTL_ENABLE_DEBUG_INFO = YES;
				ONLY_ACTIVE_ARCH = YES;
				SDKROOT = macosx;
				SWIFT_OPTIMIZATION_LEVEL = "-Onone";
			};
			name = Debug;
		};
		29BAB7C41CBBF1E700E6859B /* Release */ = {
			isa = XCBuildConfiguration;
			buildSettings = {
				ALWAYS_SEARCH_USER_PATHS = NO;
				CLANG_ANALYZER_NONNULL = YES;
				CLANG_CXX_LANGUAGE_STANDARD = "gnu++0x";
				CLANG_CXX_LIBRARY = "libc++";
				CLANG_ENABLE_MODULES = YES;
				CLANG_ENABLE_OBJC_ARC = YES;
				CLANG_WARN_BOOL_CONVERSION = YES;
				CLANG_WARN_CONSTANT_CONVERSION = YES;
				CLANG_WARN_DIRECT_OBJC_ISA_USAGE = YES_ERROR;
				CLANG_WARN_EMPTY_BODY = YES;
				CLANG_WARN_ENUM_CONVERSION = YES;
				CLANG_WARN_INT_CONVERSION = YES;
				CLANG_WARN_OBJC_ROOT_CLASS = YES_ERROR;
				CLANG_WARN_UNREACHABLE_CODE = YES;
				CLANG_WARN__DUPLICATE_METHOD_MATCH = YES;
				CODE_SIGN_IDENTITY = "-";
				COPY_PHASE_STRIP = NO;
				DEBUG_INFORMATION_FORMAT = "dwarf-with-dsym";
				ENABLE_NS_ASSERTIONS = NO;
				ENABLE_STRICT_OBJC_MSGSEND = YES;
				GCC_C_LANGUAGE_STANDARD = gnu99;
				GCC_NO_COMMON_BLOCKS = YES;
				GCC_WARN_64_TO_32_BIT_CONVERSION = YES;
				GCC_WARN_ABOUT_RETURN_TYPE = YES_ERROR;
				GCC_WARN_UNDECLARED_SELECTOR = YES;
				GCC_WARN_UNINITIALIZED_AUTOS = YES_AGGRESSIVE;
				GCC_WARN_UNUSED_FUNCTION = YES;
				GCC_WARN_UNUSED_VARIABLE = YES;
				MACOSX_DEPLOYMENT_TARGET = 10.11;
				MTL_ENABLE_DEBUG_INFO = NO;
				SDKROOT = macosx;
			};
			name = Release;
		};
		29BAB7C61CBBF1E700E6859B /* Debug */ = {
			isa = XCBuildConfiguration;
			buildSettings = {
				ASSETCATALOG_COMPILER_APPICON_NAME = AppIcon;
				COMBINE_HIDPI_IMAGES = YES;
				INFOPLIST_FILE = "PokéBattle/Info.plist";
				LD_RUNPATH_SEARCH_PATHS = "$(inherited) @executable_path/../Frameworks";
				PRODUCT_BUNDLE_IDENTIFIER = "com.carlospaelinck.Poke-Battle";
				PRODUCT_NAME = "$(TARGET_NAME)";
			};
			name = Debug;
		};
		29BAB7C71CBBF1E700E6859B /* Release */ = {
			isa = XCBuildConfiguration;
			buildSettings = {
				ASSETCATALOG_COMPILER_APPICON_NAME = AppIcon;
				COMBINE_HIDPI_IMAGES = YES;
				INFOPLIST_FILE = "PokéBattle/Info.plist";
				LD_RUNPATH_SEARCH_PATHS = "$(inherited) @executable_path/../Frameworks";
				PRODUCT_BUNDLE_IDENTIFIER = "com.carlospaelinck.Poke-Battle";
				PRODUCT_NAME = "$(TARGET_NAME)";
			};
			name = Release;
		};
/* End XCBuildConfiguration section */

/* Begin XCConfigurationList section */
		29BAB7B11CBBF1E700E6859B /* Build configuration list for PBXProject "PokéBattle" */ = {
			isa = XCConfigurationList;
			buildConfigurations = (
				29BAB7C31CBBF1E700E6859B /* Debug */,
				29BAB7C41CBBF1E700E6859B /* Release */,
			);
			defaultConfigurationIsVisible = 0;
			defaultConfigurationName = Release;
		};
		29BAB7C51CBBF1E700E6859B /* Build configuration list for PBXNativeTarget "PokéBattle" */ = {
			isa = XCConfigurationList;
			buildConfigurations = (
				29BAB7C61CBBF1E700E6859B /* Debug */,
				29BAB7C71CBBF1E700E6859B /* Release */,
			);
			defaultConfigurationIsVisible = 0;
			defaultConfigurationName = Release;
		};
/* End XCConfigurationList section */
	};
	rootObject = 29BAB7AE1CBBF1E600E6859B /* Project object */;
}
